
Microsoft Visual Studio Solution File, Format Version 12.00
# Visual Studio Version 17
VisualStudioVersion = 17.14.36414.22 d17.14
MinimumVisualStudioVersion = 10.0.40219.1
Project("{FAE04EC0-301F-11D3-BF4B-00C04F79EFBC}") = "ConsoleApp3", "ConsoleApp3\ConsoleApp3.csproj", "{B06A9776-81CB-43A1-A03A-B5F6CC690D79}"
EndProject
Global
	GlobalSection(SolutionConfigurationPlatforms) = preSolution
		Debug|Any CPU = Debug|Any CPU
		Release|Any CPU = Release|Any CPU
	EndGlobalSection
	GlobalSection(ProjectConfigurationPlatforms) = postSolution
		{B06A9776-81CB-43A1-A03A-B5F6CC690D79}.Debug|Any CPU.ActiveCfg = Debug|Any CPU
		{B06A9776-81CB-43A1-A03A-B5F6CC690D79}.Debug|Any CPU.Build.0 = Debug|Any CPU
		{B06A9776-81CB-43A1-A03A-B5F6CC690D79}.Release|Any CPU.ActiveCfg = Release|Any CPU
		{B06A9776-81CB-43A1-A03A-B5F6CC690D79}.Release|Any CPU.Build.0 = Release|Any CPU
	EndGlobalSection
	GlobalSection(SolutionProperties) = preSolution
		HideSolutionNode = FALSE
	EndGlobalSection
	GlobalSection(ExtensibilityGlobals) = postSolution
		SolutionGuid = {515FA5FA-D58D-4031-94F3-5ADCD7AA4480}
	EndGlobalSection
EndGlobal
